
Microsoft Visual Studio Solution File, Format Version 12.00
# Visual Studio 15
VisualStudioVersion = 15.0.27703.2035
MinimumVisualStudioVersion = 10.0.40219.1
Project("{FAE04EC0-301F-11D3-BF4B-00C04F79EFBC}") = "ElasticsearchTestApp", "ElasticsearchTestApp\ElasticsearchTestApp.csproj", "{8663B406-8E70-488B-AC88-6ECFB385809D}"
EndProject
Global
	GlobalSection(SolutionConfigurationPlatforms) = preSolution
		Debug|Any CPU = Debug|Any CPU
		Release|Any CPU = Release|Any CPU
	EndGlobalSection
	GlobalSection(ProjectConfigurationPlatforms) = postSolution
		{8663B406-8E70-488B-AC88-6ECFB385809D}.Debug|Any CPU.ActiveCfg = Debug|Any CPU
		{8663B406-8E70-488B-AC88-6ECFB385809D}.Debug|Any CPU.Build.0 = Debug|Any CPU
		{8663B406-8E70-488B-AC88-6ECFB385809D}.Release|Any CPU.ActiveCfg = Release|Any CPU
		{8663B406-8E70-488B-AC88-6ECFB385809D}.Release|Any CPU.Build.0 = Release|Any CPU
	EndGlobalSection
	GlobalSection(SolutionProperties) = preSolution
		HideSolutionNode = FALSE
	EndGlobalSection
	GlobalSection(ExtensibilityGlobals) = postSolution
		SolutionGuid = {8127D8DA-6F6F-46C3-A916-2C6D58AF4FD4}
	EndGlobalSection
EndGlobal
